{
  "name": "@claycoleman/gt-wrapper",
  "version": "1.1.1",
  "lockfileVersion": 3,
  "requires": true,
  "packages": {
    "": {
      "name": "@claycoleman/gt-wrapper",
      "version": "1.1.1",
      "license": "MIT",
      "dependencies": {
        "@withgraphite/graphite-cli": "1.8.3"
      },
      "bin": {
        "graphite": "bin/gt_commands.py",
        "gt": "bin/gt_commands.py"
      },
      "engines": {
        "node": ">=14.0.0"
      }
    },
    "node_modules/@withgraphite/graphite-cli": {
      "version": "1.8.3",
      "resolved": "https://registry.npmjs.org/@withgraphite/graphite-cli/-/graphite-cli-1.8.3.tgz",
      "integrity": "sha512-OkLZWPJqhC3AHcyM/9mCxtHPdDoziWK3KQAdADiZrhMqVzDJ7sOcmDhmMbUhwS+kdLJ8zbqWo0dQ170SUGjWHw==",
      "license": "None",
      "bin": {
        "graphite": "bin/gt.js",
        "gt": "bin/gt.js"
      },
      "optionalDependencies": {
        "@withgraphite/graphite-cli-darwin-arm64": "1.8.3",
        "@withgraphite/graphite-cli-darwin-x64": "1.8.3",
        "@withgraphite/graphite-cli-linux-arm64": "1.8.3",
        "@withgraphite/graphite-cli-linux-x64": "1.8.3",
        "@withgraphite/graphite-cli-win32-x64": "1.8.3"
      }
    },
    "node_modules/@withgraphite/graphite-cli-darwin-arm64": {
      "version": "1.8.3",
      "resolved": "https://registry.npmjs.org/@withgraphite/graphite-cli-darwin-arm64/-/graphite-cli-darwin-arm64-1.8.3.tgz",
      "integrity": "sha512-GoEY/jaGIAmn7wLfASz1Xj3J/TkCHKmO6FrfPMVIS4RpDwZeJ1z6ADqSgDUa3DJtlt7pdw+tmJQ29goKGTVMLA==",
      "cpu": [
        "arm64"
      ],
      "license": "None",
      "optional": true,
      "os": [
        "darwin"
      ],
      "bin": {
        "gt": "bin/gt"
      }
    },
    "node_modules/@withgraphite/graphite-cli-darwin-x64": {
      "version": "1.8.3",
      "resolved": "https://registry.npmjs.org/@withgraphite/graphite-cli-darwin-x64/-/graphite-cli-darwin-x64-1.8.3.tgz",
      "integrity": "sha512-+2YuXMi1NCmp4c4lRwXvU1gdE8vL0OaNHRAUH3ayl14I2QVHAc72HVvIXVklEFkNv4hFw2ORX2S22uEAC1VsJg==",
      "cpu": [
        "x64"
      ],
      "license": "None",
      "optional": true,
      "os": [
        "darwin"
      ],
      "bin": {
        "gt": "bin/gt"
      }
    },
    "node_modules/@withgraphite/graphite-cli-linux-arm64": {
      "version": "1.8.3",
      "resolved": "https://registry.npmjs.org/@withgraphite/graphite-cli-linux-arm64/-/graphite-cli-linux-arm64-1.8.3.tgz",
      "integrity": "sha512-tHkgxdMMOY/z24/uAWrqA3nnSadsUNoYSGSrb4J/TknvzgPz9FOOpme5Jo3QQ3ygJYI9UXGyFxpfLYqYYxbA7A==",
      "cpu": [
        "arm64"
      ],
      "license": "None",
      "optional": true,
      "os": [
        "linux"
      ],
      "bin": {
        "gt": "bin/gt"
      }
    },
    "node_modules/@withgraphite/graphite-cli-linux-x64": {
      "version": "1.8.3",
      "resolved": "https://registry.npmjs.org/@withgraphite/graphite-cli-linux-x64/-/graphite-cli-linux-x64-1.8.3.tgz",
      "integrity": "sha512-uEjUTTra/is7U0qM/ZCJelK4lhR+ezWkWK1xTFN8xhaoBaPDDzA5x6unwSrZ+BoFqtFLnxGROwm6STN27ts5UQ==",
      "cpu": [
        "x64"
      ],
      "license": "None",
      "optional": true,
      "os": [
        "linux"
      ],
      "bin": {
        "gt": "bin/gt"
      }
    },
    "node_modules/@withgraphite/graphite-cli-win32-x64": {
      "version": "1.8.3",
      "resolved": "https://registry.npmjs.org/@withgraphite/graphite-cli-win32-x64/-/graphite-cli-win32-x64-1.8.3.tgz",
      "integrity": "sha512-t++7trnBNsICYuvR2tcg6+C9CtJcRfjmcp36Akz9t4GP5Xc35GteBdHpMiH2cxeeag9DpT44w2wSxDMwcAdkhQ==",
      "cpu": [
        "x64"
      ],
      "license": "None",
      "optional": true,
      "os": [
        "win32"
      ],
      "bin": {
        "gt": "bin/gt.exe"
      }
    }
  }
}
